PODS:
  - AFNetworking (2.0.2):
    - AFNetworking/NSURLConnection
    - AFNetworking/NSURLSession
    - AFNetworking/Reachability
    - AFNetworking/Security
    - AFNetworking/Serialization
    - AFNetworking/UIKit
  - AFNetworking/NSURLConnection (2.0.2):
    - AFNetworking/Reachability
    - AFNetworking/Security
    - AFNetworking/Serialization
  - AFNetworking/NSURLSession (2.0.2):
    - AFNetworking/Reachability
    - AFNetworking/Security
    - AFNetworking/Serialization
  - AFNetworking/Reachability (2.0.2)
  - AFNetworking/Security (2.0.2)
  - AFNetworking/Serialization (2.0.2)
  - IFBKThirtySeven (0.0.4):
    - AFNetworking (~> 2.0.2)
    - IFBKThirtySeven/Models
    - SBJson (~> 3.2)
  - IFBKThirtySeven/Models (0.0.4):
    - AFNetworking (~> 2.0.2)
    - SBJson (~> 3.2)
  - Kiwi/ARC (2.2.3)
  - Kiwi/NonARC (2.2.3)
  - Kiwi/XCTest (2.2.3):
    - Kiwi/ARC
    - Kiwi/NonARC
  - Nocilla (0.7.1)
  - SBJson (3.2)

DEPENDENCIES:
  - AFNetworking (~> 2.0.2)
  - IFBKThirtySeven (from `.`)
  - Kiwi/XCTest
  - Nocilla
  - SBJson (~> 3.2)

EXTERNAL SOURCES:
  IFBKThirtySeven:
    :path: .

SPEC CHECKSUMS:
  AFNetworking: 22de50ae71ab1c4859773f61068d6fcd1d8f9a4d
  IFBKThirtySeven: 5c7ad9af73e777ce5017db1ff0f4224219c36f86
  Kiwi: 04c51e880831d291748ec702d42c4101f7eb95c9
  Nocilla: 79bf72b15b7e6589d3d37ffa7540d7271fb75121
  SBJson: e60b4dc22448c2ae1e754b523a4ab53408e85c8d

COCOAPODS: 0.28.0
